// !$*UTF8*$!
{
	archiveVersion = 1;
	classes = {
	};
	objectVersion = 46;
	objects = {

/* Begin PBXBuildFile section */
		AA52BB811B107C0600433F67 /* AppDelegate.swift in Sources */ = {isa = PBXBuildFile; fileRef = AA52BB801B107C0600433F67 /* AppDelegate.swift */; };
		AA52BB851B107C0600433F67 /* GameScene.swift in Sources */ = {isa = PBXBuildFile; fileRef = AA52BB841B107C0600433F67 /* GameScene.swift */; };
		AA52BB871B107C0600433F67 /* GameViewController.swift in Sources */ = {isa = PBXBuildFile; fileRef = AA52BB861B107C0600433F67 /* GameViewController.swift */; };
		AA52BB8A1B107C0600433F67 /* Main.storyboard in Resources */ = {isa = PBXBuildFile; fileRef = AA52BB881B107C0600433F67 /* Main.storyboard */; };
		AA52BB8C1B107C0600433F67 /* Images.xcassets in Resources */ = {isa = PBXBuildFile; fileRef = AA52BB8B1B107C0600433F67 /* Images.xcassets */; };
		AA52BB8F1B107C0600433F67 /* LaunchScreen.xib in Resources */ = {isa = PBXBuildFile; fileRef = AA52BB8D1B107C0600433F67 /* LaunchScreen.xib */; };
		AA52BBA51B107D2500433F67 /* MySpriteNode.swift in Sources */ = {isa = PBXBuildFile; fileRef = AA52BBA41B107D2500433F67 /* MySpriteNode.swift */; };
/* End PBXBuildFile section */

/* Begin PBXFileReference section */
		AA52BB7B1B107C0600433F67 /* FinalCrash.app */ = {isa = PBXFileReference; explicitFileType = wrapper.application; includeInIndex = 0; path = FinalCrash.app; sourceTree = BUILT_PRODUCTS_DIR; };
		AA52BB7F1B107C0600433F67 /* Info.plist */ = {isa = PBXFileReference; lastKnownFileType = text.plist.xml; path = Info.plist; sourceTree = "<group>"; };
		AA52BB801B107C0600433F67 /* AppDelegate.swift */ = {isa = PBXFileReference; lastKnownFileType = sourcecode.swift; path = AppDelegate.swift; sourceTree = "<group>"; };
		AA52BB841B107C0600433F67 /* GameScene.swift */ = {isa = PBXFileReference; lastKnownFileType = sourcecode.swift; path = GameScene.swift; sourceTree = "<group>"; };
		AA52BB861B107C0600433F67 /* GameViewController.swift */ = {isa = PBXFileReference; lastKnownFileType = sourcecode.swift; path = GameViewController.swift; sourceTree = "<group>"; };
		AA52BB891B107C0600433F67 /* Base */ = {isa = PBXFileReference; lastKnownFileType = file.storyboard; name = Base; path = Base.lproj/Main.storyboard; sourceTree = "<group>"; };
		AA52BB8B1B107C0600433F67 /* Images.xcassets */ = {isa = PBXFileReference; lastKnownFileType = folder.assetcatalog; path = Images.xcassets; sourceTree = "<group>"; };
		AA52BB8E1B107C0600433F67 /* Base */ = {isa = PBXFileReference; lastKnownFileType = file.xib; name = Base; path = Base.lproj/LaunchScreen.xib; sourceTree = "<group>"; };
		AA52BBA41B107D2500433F67 /* MySpriteNode.swift */ = {isa = PBXFileReference; fileEncoding = 4; lastKnownFileType = sourcecode.swift; path = MySpriteNode.swift; sourceTree = "<group>"; };
/* End PBXFileReference section */

/* Begin PBXFrameworksBuildPhase section */
		AA52BB781B107C0600433F67 /* Frameworks */ = {
			isa = PBXFrameworksBuildPhase;
			buildActionMask = 2147483647;
			files = (
			);
			runOnlyForDeploymentPostprocessing = 0;
		};
/* End PBXFrameworksBuildPhase section */

/* Begin PBXGroup section */
		AA52BB721B107C0600433F67 = {
			isa = PBXGroup;
			children = (
				AA52BB7D1B107C0600433F67 /* FinalCrash */,
				AA52BB7C1B107C0600433F67 /* Products */,
			);
			sourceTree = "<group>";
		};
		AA52BB7C1B107C0600433F67 /* Products */ = {
			isa = PBXGroup;
			children = (
				AA52BB7B1B107C0600433F67 /* FinalCrash.app */,
			);
			name = Products;
			sourceTree = "<group>";
		};
		AA52BB7D1B107C0600433F67 /* FinalCrash */ = {
			isa = PBXGroup;
			children = (
				AA52BB801B107C0600433F67 /* AppDelegate.swift */,
				AA52BB861B107C0600433F67 /* GameViewController.swift */,
				AA52BB841B107C0600433F67 /* GameScene.swift */,
				AA52BBA41B107D2500433F67 /* MySpriteNode.swift */,
				AA52BB881B107C0600433F67 /* Main.storyboard */,
				AA52BB8B1B107C0600433F67 /* Images.xcassets */,
				AA52BB8D1B107C0600433F67 /* LaunchScreen.xib */,
				AA52BB7E1B107C0600433F67 /* Supporting Files */,
			);
			path = FinalCrash;
			sourceTree = "<group>";
		};
		AA52BB7E1B107C0600433F67 /* Supporting Files */ = {
			isa = PBXGroup;
			children = (
				AA52BB7F1B107C0600433F67 /* Info.plist */,
			);
			name = "Supporting Files";
			sourceTree = "<group>";
		};
/* End PBXGroup section */

/* Begin PBXNativeTarget section */
		AA52BB7A1B107C0600433F67 /* FinalCrash */ = {
			isa = PBXNativeTarget;
			buildConfigurationList = AA52BB9E1B107C0600433F67 /* Build configuration list for PBXNativeTarget "FinalCrash" */;
			buildPhases = (
				AA52BB771B107C0600433F67 /* Sources */,
				AA52BB781B107C0600433F67 /* Frameworks */,
				AA52BB791B107C0600433F67 /* Resources */,
			);
			buildRules = (
			);
			dependencies = (
			);
			name = FinalCrash;
			productName = FinalCrash;
			productReference = AA52BB7B1B107C0600433F67 /* FinalCrash.app */;
			productType = "com.apple.product-type.application";
		};
/* End PBXNativeTarget section */

/* Begin PBXProject section */
		AA52BB731B107C0600433F67 /* Project object */ = {
			isa = PBXProject;
			attributes = {
				LastUpgradeCheck = 0630;
				ORGANIZATIONNAME = "Steve Wilford";
				TargetAttributes = {
					AA52BB7A1B107C0600433F67 = {
						CreatedOnToolsVersion = 6.3.2;
					};
				};
			};
			buildConfigurationList = AA52BB761B107C0600433F67 /* Build configuration list for PBXProject "FinalCrash" */;
			compatibilityVersion = "Xcode 3.2";
			developmentRegion = English;
			hasScannedForEncodings = 0;
			knownRegions = (
				en,
				Base,
			);
			mainGroup = AA52BB721B107C0600433F67;
			productRefGroup = AA52BB7C1B107C0600433F67 /* Products */;
			projectDirPath = "";
			projectRoot = "";
			targets = (
				AA52BB7A1B107C0600433F67 /* FinalCrash */,
			);
		};
/* End PBXProject section */

/* Begin PBXResourcesBuildPhase section */
		AA52BB791B107C0600433F67 /* Resources */ = {
			isa = PBXResourcesBuildPhase;
			buildActionMask = 2147483647;
			files = (
				AA52BB8F1B107C0600433F67 /* LaunchScreen.xib in Resources */,
				AA52BB8C1B107C0600433F67 /* Images.xcassets in Resources */,
				AA52BB8A1B107C0600433F67 /* Main.storyboard in Resources */,
			);
			runOnlyForDeploymentPostprocessing = 0;
		};
/* End PBXResourcesBuildPhase section */

/* Begin PBXSourcesBuildPhase section */
		AA52BB771B107C0600433F67 /* Sources */ = {
			isa = PBXSourcesBuildPhase;
			buildActionMask = 2147483647;
			files = (
				AA52BBA51B107D2500433F67 /* MySpriteNode.swift in Sources */,
				AA52BB851B107C0600433F67 /* GameScene.swift in Sources */,
				AA52BB871B107C0600433F67 /* GameViewController.swift in Sources */,
				AA52BB811B107C0600433F67 /* AppDelegate.swift in Sources */,
			);
			runOnlyForDeploymentPostprocessing = 0;
		};
/* End PBXSourcesBuildPhase section */

/* Begin PBXVariantGroup section */
		AA52BB881B107C0600433F67 /* Main.storyboard */ = {
			isa = PBXVariantGroup;
			children = (
				AA52BB891B107C0600433F67 /* Base */,
			);
			name = Main.storyboard;
			sourceTree = "<group>";
		};
		AA52BB8D1B107C0600433F67 /* LaunchScreen.xib */ = {
			isa = PBXVariantGroup;
			children = (
				AA52BB8E1B107C0600433F67 /* Base */,
			);
			name = LaunchScreen.xib;
			sourceTree = "<group>";
		};
/* End PBXVariantGroup section */

/* Begin XCBuildConfiguration section */
		AA52BB9C1B107C0600433F67 /* Debug */ = {
			isa = XCBuildConfiguration;
			buildSettings = {
				ALWAYS_SEARCH_USER_PATHS = NO;
				CLANG_CXX_LANGUAGE_STANDARD = "gnu++0x";
				CLANG_CXX_LIBRARY = "libc++";
				CLANG_ENABLE_MODULES = YES;
				CLANG_ENABLE_OBJC_ARC = YES;
				CLANG_WARN_BOOL_CONVERSION = YES;
				CLANG_WARN_CONSTANT_CONVERSION = YES;
				CLANG_WARN_DIRECT_OBJC_ISA_USAGE = YES_ERROR;
				CLANG_WARN_EMPTY_BODY = YES;
				CLANG_WARN_ENUM_CONVERSION = YES;
				CLANG_WARN_INT_CONVERSION = YES;
				CLANG_WARN_OBJC_ROOT_CLASS = YES_ERROR;
				CLANG_WARN_UNREACHABLE_CODE = YES;
				CLANG_WARN__DUPLICATE_METHOD_MATCH = YES;
				"CODE_SIGN_IDENTITY[sdk=iphoneos*]" = "iPhone Developer";
				COPY_PHASE_STRIP = NO;
				DEBUG_INFORMATION_FORMAT = "dwarf-with-dsym";
				ENABLE_STRICT_OBJC_MSGSEND = YES;
				GCC_C_LANGUAGE_STANDARD = gnu99;
				GCC_DYNAMIC_NO_PIC = NO;
				GCC_NO_COMMON_BLOCKS = YES;
				GCC_OPTIMIZATION_LEVEL = 0;
				GCC_PREPROCESSOR_DEFINITIONS = (
					"DEBUG=1",
					"$(inherited)",
				);
				GCC_SYMBOLS_PRIVATE_EXTERN = NO;
				GCC_WARN_64_TO_32_BIT_CONVERSION = YES;
				GCC_WARN_ABOUT_RETURN_TYPE = YES_ERROR;
				GCC_WARN_UNDECLARED_SELECTOR = YES;
				GCC_WARN_UNINITIALIZED_AUTOS = YES_AGGRESSIVE;
				GCC_WARN_UNUSED_FUNCTION = YES;
				GCC_WARN_UNUSED_VARIABLE = YES;
				IPHONEOS_DEPLOYMENT_TARGET = 8.3;
				MTL_ENABLE_DEBUG_INFO = YES;
				ONLY_ACTIVE_ARCH = YES;
				SDKROOT = iphoneos;
				SWIFT_OPTIMIZATION_LEVEL = "-Onone";
			};
			name = Debug;
		};
		AA52BB9D1B107C0600433F67 /* Release */ = {
			isa = XCBuildConfiguration;
			buildSettings = {
				ALWAYS_SEARCH_USER_PATHS = NO;
				CLANG_CXX_LANGUAGE_STANDARD = "gnu++0x";
				CLANG_CXX_LIBRARY = "libc++";
				CLANG_ENABLE_MODULES = YES;
				CLANG_ENABLE_OBJC_ARC = YES;
				CLANG_WARN_BOOL_CONVERSION = YES;
				CLANG_WARN_CONSTANT_CONVERSION = YES;
				CLANG_WARN_DIRECT_OBJC_ISA_USAGE = YES_ERROR;
				CLANG_WARN_EMPTY_BODY = YES;
				CLANG_WARN_ENUM_CONVERSION = YES;
				CLANG_WARN_INT_CONVERSION = YES;
				CLANG_WARN_OBJC_ROOT_CLASS = YES_ERROR;
				CLANG_WARN_UNREACHABLE_CODE = YES;
				CLANG_WARN__DUPLICATE_METHOD_MATCH = YES;
				"CODE_SIGN_IDENTITY[sdk=iphoneos*]" = "iPhone Developer";
				COPY_PHASE_STRIP = NO;
				DEBUG_INFORMATION_FORMAT = "dwarf-with-dsym";
				ENABLE_NS_ASSERTIONS = NO;
				ENABLE_STRICT_OBJC_MSGSEND = YES;
				GCC_C_LANGUAGE_STANDARD = gnu99;
				GCC_NO_COMMON_BLOCKS = YES;
				GCC_WARN_64_TO_32_BIT_CONVERSION = YES;
				GCC_WARN_ABOUT_RETURN_TYPE = YES_ERROR;
				GCC_WARN_UNDECLARED_SELECTOR = YES;
				GCC_WARN_UNINITIALIZED_AUTOS = YES_AGGRESSIVE;
				GCC_WARN_UNUSED_FUNCTION = YES;
				GCC_WARN_UNUSED_VARIABLE = YES;
				IPHONEOS_DEPLOYMENT_TARGET = 8.3;
				MTL_ENABLE_DEBUG_INFO = NO;
				SDKROOT = iphoneos;
				VALIDATE_PRODUCT = YES;
			};
			name = Release;
		};
		AA52BB9F1B107C0600433F67 /* Debug */ = {
			isa = XCBuildConfiguration;
			buildSettings = {
				ASSETCATALOG_COMPILER_APPICON_NAME = AppIcon;
				INFOPLIST_FILE = FinalCrash/Info.plist;
				LD_RUNPATH_SEARCH_PATHS = "$(inherited) @executable_path/Frameworks";
				PRODUCT_NAME = "$(TARGET_NAME)";
				SWIFT_OPTIMIZATION_LEVEL = "-O";
			};
			name = Debug;
		};
		AA52BBA01B107C0600433F67 /* Release */ = {
			isa = XCBuildConfiguration;
			buildSettings = {
				ASSETCATALOG_COMPILER_APPICON_NAME = AppIcon;
				INFOPLIST_FILE = FinalCrash/Info.plist;
				LD_RUNPATH_SEARCH_PATHS = "$(inherited) @executable_path/Frameworks";
				PRODUCT_NAME = "$(TARGET_NAME)";
			};
			name = Release;
		};
/* End XCBuildConfiguration section */

/* Begin XCConfigurationList section */
		AA52BB761B107C0600433F67 /* Build configuration list for PBXProject "FinalCrash" */ = {
			isa = XCConfigurationList;
			buildConfigurations = (
				AA52BB9C1B107C0600433F67 /* Debug */,
				AA52BB9D1B107C0600433F67 /* Release */,
			);
			defaultConfigurationIsVisible = 0;
			defaultConfigurationName = Release;
		};
		AA52BB9E1B107C0600433F67 /* Build configuration list for PBXNativeTarget "FinalCrash" */ = {
			isa = XCConfigurationList;
			buildConfigurations = (
				AA52BB9F1B107C0600433F67 /* Debug */,
				AA52BBA01B107C0600433F67 /* Release */,
			);
			defaultConfigurationIsVisible = 0;
			defaultConfigurationName = Release;
		};
/* End XCConfigurationList section */
	};
	rootObject = AA52BB731B107C0600433F67 /* Project object */;
}
